{
  "name": "@webhandle/dialog",
  "version": "1.0.4",
  "lockfileVersion": 3,
  "requires": true,
  "packages": {
    "": {
      "name": "@webhandle/dialog",
      "version": "1.0.4",
      "license": "ISC",
      "dependencies": {
        "@webhandle/backbone-view": "^1.0.4",
        "@webhandle/gather-form-data": "^1.0.0",
        "@webhandle/initialize-webhandle-component": "^1.0.2",
        "form-value-injector": "^1.0.6"
      }
    },
    "node_modules/@webhandle/backbone-view": {
      "version": "1.0.4",
      "resolved": "https://registry.npmjs.org/@webhandle/backbone-view/-/backbone-view-1.0.4.tgz",
      "integrity": "sha512-iUbnpCEEkEbGHWP48IeKjW29Xym6eXRtYPe0tnxjrOx6AwjbD962MHLiKYyDeFyngzdWiLMqOpOH3dQe0qxMnA==",
      "license": "ISC",
      "dependencies": {
        "@webhandle/initialize-webhandle-component": "^1.0.1"
      }
    },
    "node_modules/@webhandle/gather-form-data": {
      "version": "1.0.0",
      "resolved": "https://registry.npmjs.org/@webhandle/gather-form-data/-/gather-form-data-1.0.0.tgz",
      "integrity": "sha512-+GdqbxGDoVYSEPg7tI/KtNfEoMgQA/LnrU+LPcK/LPSmafBa9RA6KMBzO4ktS1QpvkNfz7yxmLrrs+EKEsF8QA==",
      "license": "ISC"
    },
    "node_modules/@webhandle/initialize-webhandle-component": {
      "version": "1.0.4",
      "resolved": "https://registry.npmjs.org/@webhandle/initialize-webhandle-component/-/initialize-webhandle-component-1.0.4.tgz",
      "integrity": "sha512-4RMsta5TJ2kCTaqYFXQCJK/VIxmDvG5clxEowHb3NuqazhzNN00fCslmQOLQ0+TVfG3ls8YH4nLNhRmQ73fnGw==",
      "license": "ISC",
      "bin": {
        "create-initialize-webhandle-component-file": "create-initialize-webhandle-component-file.mjs"
      }
    },
    "node_modules/form-value-injector": {
      "version": "1.0.6",
      "resolved": "https://registry.npmjs.org/form-value-injector/-/form-value-injector-1.0.6.tgz",
      "integrity": "sha512-o+7cby937KgtHuzO+o/MQKxzNloni23vTbLxUr/Y9xUKIVttBu7oY3tg40msPAN1h4HvjCVJA+94LhESB58fUQ==",
      "license": "ISC",
      "dependencies": {
        "input-value-injector": "^1.0.5",
        "select-value-injector": "^1.0.1",
        "textarea-value-injector": "^1.0.1"
      }
    },
    "node_modules/input-value-injector": {
      "version": "1.0.13",
      "resolved": "https://registry.npmjs.org/input-value-injector/-/input-value-injector-1.0.13.tgz",
      "integrity": "sha512-hlGtfgwY9+c6Dt4TRSGC36TP2OK7slor58/cteNxw+k+XbCCG2xrKjGNK41KewclWxujHnmsaa75UD8ude/ivg==",
      "license": "ISC",
      "dependencies": {
        "value-injector-common": "^1.0.0"
      }
    },
    "node_modules/select-value-injector": {
      "version": "1.0.4",
      "resolved": "https://registry.npmjs.org/select-value-injector/-/select-value-injector-1.0.4.tgz",
      "integrity": "sha512-CMEiP1vBSON5j1VImRl/v97Gh2o6vVv/pvopySA8PxceZDVznoNB3aG5p10qdAhLAtUwSJHdU4EiaL5z2Vkqwg==",
      "license": "ISC",
      "dependencies": {
        "value-injector-common": "^1.0.0"
      }
    },
    "node_modules/textarea-value-injector": {
      "version": "1.0.4",
      "resolved": "https://registry.npmjs.org/textarea-value-injector/-/textarea-value-injector-1.0.4.tgz",
      "integrity": "sha512-5a3nMzZnpKFFY0bAOFbcCs62lRsE9/P86OFL4ewZPfoxQ7Poh2HUJawwlGQgq1C6G1I3CcyYwdmwnDqwVmw3sw==",
      "license": "ISC",
      "dependencies": {
        "value-injector-common": "^1.0.0"
      }
    },
    "node_modules/value-injector-common": {
      "version": "1.0.1",
      "resolved": "https://registry.npmjs.org/value-injector-common/-/value-injector-common-1.0.1.tgz",
      "integrity": "sha512-6QQmPR1ADuZvkv6+VxcifCNEsE7SEFH7CW2XciFjo8KjRA9bq/xEZLyGgAc4zRTILf4dUCt5Ew+u8uHKzH6pSg==",
      "license": "ISC"
    }
  }
}
